
Microsoft Visual Studio Solution File, Format Version 12.00
# Visual Studio 2013
VisualStudioVersion = 12.0.21005.1
MinimumVisualStudioVersion = 10.0.40219.1
Project("{FAE04EC0-301F-11D3-BF4B-00C04F79EFBC}") = "JavaScriptIntellisense", "JavaScriptIntellisense\JavaScriptIntellisense.csproj", "{94433FE4-8A0C-4471-BB30-34245459CD06}"
EndProject
Project("{2150E333-8FDC-42A3-9474-1A3956D46DE8}") = "Solution Items", "Solution Items", "{6D74292E-CB26-4EB0-A9D8-301A8C67F6F0}"
	ProjectSection(SolutionItems) = preProject
		README.md = README.md
	EndProjectSection
EndProject
Global
	GlobalSection(SolutionConfigurationPlatforms) = preSolution
		Debug|Any CPU = Debug|Any CPU
		Release|Any CPU = Release|Any CPU
	EndGlobalSection
	GlobalSection(ProjectConfigurationPlatforms) = postSolution
		{94433FE4-8A0C-4471-BB30-34245459CD06}.Debug|Any CPU.ActiveCfg = Debug|Any CPU
		{94433FE4-8A0C-4471-BB30-34245459CD06}.Debug|Any CPU.Build.0 = Debug|Any CPU
		{94433FE4-8A0C-4471-BB30-34245459CD06}.Release|Any CPU.ActiveCfg = Release|Any CPU
		{94433FE4-8A0C-4471-BB30-34245459CD06}.Release|Any CPU.Build.0 = Release|Any CPU
	EndGlobalSection
	GlobalSection(SolutionProperties) = preSolution
		HideSolutionNode = FALSE
	EndGlobalSection
EndGlobal
